
Microsoft Visual Studio Solution File, Format Version 11.00
# Visual Studio 2010
Project("{FAE04EC0-301F-11D3-BF4B-00C04F79EFBC}") = "Simulator", "Simulator\Simulator.csproj", "{A0A6CE25-F3BC-4C73-861B-3DEF106B7A0B}"
EndProject
Project("{FAE04EC0-301F-11D3-BF4B-00C04F79EFBC}") = "SimulatorContent", "SimulatorContent\SimulatorContent.contentproj", "{F65E5DBE-5EEF-4CAB-8301-796C8E389724}"
EndProject
Project("{FAE04EC0-301F-11D3-BF4B-00C04F79EFBC}") = "BEPUphysics", "Simulator\Physics\BEPUphysics\BEPUphysics.csproj", "{2A9D2227-78D7-4804-B6D1-560BB43AE911}"
EndProject
Project("{FAE04EC0-301F-11D3-BF4B-00C04F79EFBC}") = "BEPUphysicsDemos", "Simulator\Physics\BEPUphysicsDemos\BEPUphysicsDemos\BEPUphysicsDemos.csproj", "{0D3EB325-A4DE-4009-852B-B92AEDB9503A}"
EndProject
Project("{FAE04EC0-301F-11D3-BF4B-00C04F79EFBC}") = "BEPUphysicsDrawer", "Simulator\Physics\BEPUphysicsDrawer\BEPUphysicsDrawer.csproj", "{A7931B1B-6BF4-43C5-B924-6AEB732243BA}"
EndProject
Project("{FAE04EC0-301F-11D3-BF4B-00C04F79EFBC}") = "ConsoleControl", "ConsoleControl\ConsoleControl.csproj", "{5D7B3FC9-457C-4101-AF46-C9BB7AB34E22}"
EndProject
Global
	GlobalSection(SolutionConfigurationPlatforms) = preSolution
		Debug|Mixed Platforms = Debug|Mixed Platforms
		Debug|Win32 = Debug|Win32
		Debug|x86 = Debug|x86
		Release|Mixed Platforms = Release|Mixed Platforms
		Release|Win32 = Release|Win32
		Release|x86 = Release|x86
	EndGlobalSection
	GlobalSection(ProjectConfigurationPlatforms) = postSolution
		{A0A6CE25-F3BC-4C73-861B-3DEF106B7A0B}.Debug|Mixed Platforms.ActiveCfg = Debug|x86
		{A0A6CE25-F3BC-4C73-861B-3DEF106B7A0B}.Debug|Mixed Platforms.Build.0 = Debug|x86
		{A0A6CE25-F3BC-4C73-861B-3DEF106B7A0B}.Debug|Win32.ActiveCfg = Debug|x86
		{A0A6CE25-F3BC-4C73-861B-3DEF106B7A0B}.Debug|x86.ActiveCfg = Debug|x86
		{A0A6CE25-F3BC-4C73-861B-3DEF106B7A0B}.Debug|x86.Build.0 = Debug|x86
		{A0A6CE25-F3BC-4C73-861B-3DEF106B7A0B}.Release|Mixed Platforms.ActiveCfg = Release|x86
		{A0A6CE25-F3BC-4C73-861B-3DEF106B7A0B}.Release|Mixed Platforms.Build.0 = Release|x86
		{A0A6CE25-F3BC-4C73-861B-3DEF106B7A0B}.Release|Win32.ActiveCfg = Release|x86
		{A0A6CE25-F3BC-4C73-861B-3DEF106B7A0B}.Release|x86.ActiveCfg = Release|x86
		{A0A6CE25-F3BC-4C73-861B-3DEF106B7A0B}.Release|x86.Build.0 = Release|x86
		{F65E5DBE-5EEF-4CAB-8301-796C8E389724}.Debug|Mixed Platforms.ActiveCfg = Debug|x86
		{F65E5DBE-5EEF-4CAB-8301-796C8E389724}.Debug|Win32.ActiveCfg = Debug|x86
		{F65E5DBE-5EEF-4CAB-8301-796C8E389724}.Debug|x86.ActiveCfg = Debug|x86
		{F65E5DBE-5EEF-4CAB-8301-796C8E389724}.Release|Mixed Platforms.ActiveCfg = Release|x86
		{F65E5DBE-5EEF-4CAB-8301-796C8E389724}.Release|Win32.ActiveCfg = Release|x86
		{F65E5DBE-5EEF-4CAB-8301-796C8E389724}.Release|x86.ActiveCfg = Release|x86
		{2A9D2227-78D7-4804-B6D1-560BB43AE911}.Debug|Mixed Platforms.ActiveCfg = Debug|x86
		{2A9D2227-78D7-4804-B6D1-560BB43AE911}.Debug|Mixed Platforms.Build.0 = Debug|x86
		{2A9D2227-78D7-4804-B6D1-560BB43AE911}.Debug|Win32.ActiveCfg = Debug|x86
		{2A9D2227-78D7-4804-B6D1-560BB43AE911}.Debug|x86.ActiveCfg = Debug|x86
		{2A9D2227-78D7-4804-B6D1-560BB43AE911}.Debug|x86.Build.0 = Debug|x86
		{2A9D2227-78D7-4804-B6D1-560BB43AE911}.Release|Mixed Platforms.ActiveCfg = Release|x86
		{2A9D2227-78D7-4804-B6D1-560BB43AE911}.Release|Mixed Platforms.Build.0 = Release|x86
		{2A9D2227-78D7-4804-B6D1-560BB43AE911}.Release|Win32.ActiveCfg = Release|x86
		{2A9D2227-78D7-4804-B6D1-560BB43AE911}.Release|x86.ActiveCfg = Release|x86
		{2A9D2227-78D7-4804-B6D1-560BB43AE911}.Release|x86.Build.0 = Release|x86
		{0D3EB325-A4DE-4009-852B-B92AEDB9503A}.Debug|Mixed Platforms.ActiveCfg = Debug|x86
		{0D3EB325-A4DE-4009-852B-B92AEDB9503A}.Debug|Mixed Platforms.Build.0 = Debug|x86
		{0D3EB325-A4DE-4009-852B-B92AEDB9503A}.Debug|Win32.ActiveCfg = Debug|x86
		{0D3EB325-A4DE-4009-852B-B92AEDB9503A}.Debug|x86.ActiveCfg = Debug|x86
		{0D3EB325-A4DE-4009-852B-B92AEDB9503A}.Debug|x86.Build.0 = Debug|x86
		{0D3EB325-A4DE-4009-852B-B92AEDB9503A}.Release|Mixed Platforms.ActiveCfg = Release|x86
		{0D3EB325-A4DE-4009-852B-B92AEDB9503A}.Release|Mixed Platforms.Build.0 = Release|x86
		{0D3EB325-A4DE-4009-852B-B92AEDB9503A}.Release|Win32.ActiveCfg = Release|x86
		{0D3EB325-A4DE-4009-852B-B92AEDB9503A}.Release|x86.ActiveCfg = Release|x86
		{0D3EB325-A4DE-4009-852B-B92AEDB9503A}.Release|x86.Build.0 = Release|x86
		{A7931B1B-6BF4-43C5-B924-6AEB732243BA}.Debug|Mixed Platforms.ActiveCfg = Debug|x86
		{A7931B1B-6BF4-43C5-B924-6AEB732243BA}.Debug|Mixed Platforms.Build.0 = Debug|x86
		{A7931B1B-6BF4-43C5-B924-6AEB732243BA}.Debug|Win32.ActiveCfg = Debug|x86
		{A7931B1B-6BF4-43C5-B924-6AEB732243BA}.Debug|x86.ActiveCfg = Debug|x86
		{A7931B1B-6BF4-43C5-B924-6AEB732243BA}.Debug|x86.Build.0 = Debug|x86
		{A7931B1B-6BF4-43C5-B924-6AEB732243BA}.Release|Mixed Platforms.ActiveCfg = Release|x86
		{A7931B1B-6BF4-43C5-B924-6AEB732243BA}.Release|Mixed Platforms.Build.0 = Release|x86
		{A7931B1B-6BF4-43C5-B924-6AEB732243BA}.Release|Win32.ActiveCfg = Release|x86
		{A7931B1B-6BF4-43C5-B924-6AEB732243BA}.Release|x86.ActiveCfg = Release|x86
		{A7931B1B-6BF4-43C5-B924-6AEB732243BA}.Release|x86.Build.0 = Release|x86
		{5D7B3FC9-457C-4101-AF46-C9BB7AB34E22}.Debug|Mixed Platforms.ActiveCfg = Debug|x86
		{5D7B3FC9-457C-4101-AF46-C9BB7AB34E22}.Debug|Mixed Platforms.Build.0 = Debug|x86
		{5D7B3FC9-457C-4101-AF46-C9BB7AB34E22}.Debug|Win32.ActiveCfg = Debug|x86
		{5D7B3FC9-457C-4101-AF46-C9BB7AB34E22}.Debug|x86.ActiveCfg = Debug|x86
		{5D7B3FC9-457C-4101-AF46-C9BB7AB34E22}.Debug|x86.Build.0 = Debug|x86
		{5D7B3FC9-457C-4101-AF46-C9BB7AB34E22}.Release|Mixed Platforms.ActiveCfg = Release|x86
		{5D7B3FC9-457C-4101-AF46-C9BB7AB34E22}.Release|Mixed Platforms.Build.0 = Release|x86
		{5D7B3FC9-457C-4101-AF46-C9BB7AB34E22}.Release|Win32.ActiveCfg = Release|x86
		{5D7B3FC9-457C-4101-AF46-C9BB7AB34E22}.Release|x86.ActiveCfg = Release|x86
		{5D7B3FC9-457C-4101-AF46-C9BB7AB34E22}.Release|x86.Build.0 = Release|x86
	EndGlobalSection
	GlobalSection(SolutionProperties) = preSolution
		HideSolutionNode = FALSE
	EndGlobalSection
EndGlobal
